// !$*UTF8*$!
{
	archiveVersion = 1;
	classes = {
	};
	objectVersion = 56;
	objects = {

/* Begin PBXBuildFile section */
		12E00AA52ACBF6F400B8D7FB /* LandmarksApp.swift in Sources */ = {isa = PBXBuildFile; fileRef = 12E00AA42ACBF6F400B8D7FB /* LandmarksApp.swift */; };
		12E00AA72ACBF6F400B8D7FB /* ContentView.swift in Sources */ = {isa = PBXBuildFile; fileRef = 12E00AA62ACBF6F400B8D7FB /* ContentView.swift */; };
		12E00AA92ACBF6F700B8D7FB /* Assets.xcassets in Resources */ = {isa = PBXBuildFile; fileRef = 12E00AA82ACBF6F700B8D7FB /* Assets.xcassets */; };
		12E00AAC2ACBF6F700B8D7FB /* Preview Assets.xcassets in Resources */ = {isa = PBXBuildFile; fileRef = 12E00AAB2ACBF6F700B8D7FB /* Preview Assets.xcassets */; };
		12E00AB62ACBF6F700B8D7FB /* LandmarksTests.swift in Sources */ = {isa = PBXBuildFile; fileRef = 12E00AB52ACBF6F700B8D7FB /* LandmarksTests.swift */; };
		12E00AC02ACBF6F700B8D7FB /* LandmarksUITests.swift in Sources */ = {isa = PBXBuildFile; fileRef = 12E00ABF2ACBF6F700B8D7FB /* LandmarksUITests.swift */; };
		12E00AC22ACBF6F700B8D7FB /* LandmarksUITestsLaunchTests.swift in Sources */ = {isa = PBXBuildFile; fileRef = 12E00AC12ACBF6F700B8D7FB /* LandmarksUITestsLaunchTests.swift */; };
		12E00AD12ACC309500B8D7FB /* CircleImage.swift in Sources */ = {isa = PBXBuildFile; fileRef = 12E00AD02ACC309500B8D7FB /* CircleImage.swift */; };
		12E00AD32ACC32DB00B8D7FB /* MapView.swift in Sources */ = {isa = PBXBuildFile; fileRef = 12E00AD22ACC32DB00B8D7FB /* MapView.swift */; };
/* End PBXBuildFile section */

/* Begin PBXContainerItemProxy section */
		12E00AB22ACBF6F700B8D7FB /* PBXContainerItemProxy */ = {
			isa = PBXContainerItemProxy;
			containerPortal = 12E00A992ACBF6F400B8D7FB /* Project object */;
			proxyType = 1;
			remoteGlobalIDString = 12E00AA02ACBF6F400B8D7FB;
			remoteInfo = Landmarks;
		};
		12E00ABC2ACBF6F700B8D7FB /* PBXContainerItemProxy */ = {
			isa = PBXContainerItemProxy;
			containerPortal = 12E00A992ACBF6F400B8D7FB /* Project object */;
			proxyType = 1;
			remoteGlobalIDString = 12E00AA02ACBF6F400B8D7FB;
			remoteInfo = Landmarks;
		};
/* End PBXContainerItemProxy section */

/* Begin PBXFileReference section */
		12E00AA12ACBF6F400B8D7FB /* Landmarks.app */ = {isa = PBXFileReference; explicitFileType = wrapper.application; includeInIndex = 0; path = Landmarks.app; sourceTree = BUILT_PRODUCTS_DIR; };
		12E00AA42ACBF6F400B8D7FB /* LandmarksApp.swift */ = {isa = PBXFileReference; lastKnownFileType = sourcecode.swift; path = LandmarksApp.swift; sourceTree = "<group>"; };
		12E00AA62ACBF6F400B8D7FB /* ContentView.swift */ = {isa = PBXFileReference; lastKnownFileType = sourcecode.swift; path = ContentView.swift; sourceTree = "<group>"; };
		12E00AA82ACBF6F700B8D7FB /* Assets.xcassets */ = {isa = PBXFileReference; lastKnownFileType = folder.assetcatalog; path = Assets.xcassets; sourceTree = "<group>"; };
		12E00AAB2ACBF6F700B8D7FB /* Preview Assets.xcassets */ = {isa = PBXFileReference; lastKnownFileType = folder.assetcatalog; path = "Preview Assets.xcassets"; sourceTree = "<group>"; };
		12E00AB12ACBF6F700B8D7FB /* LandmarksTests.xctest */ = {isa = PBXFileReference; explicitFileType = wrapper.cfbundle; includeInIndex = 0; path = LandmarksTests.xctest; sourceTree = BUILT_PRODUCTS_DIR; };
		12E00AB52ACBF6F700B8D7FB /* LandmarksTests.swift */ = {isa = PBXFileReference; lastKnownFileType = sourcecode.swift; path = LandmarksTests.swift; sourceTree = "<group>"; };
		12E00ABB2ACBF6F700B8D7FB /* LandmarksUITests.xctest */ = {isa = PBXFileReference; explicitFileType = wrapper.cfbundle; includeInIndex = 0; path = LandmarksUITests.xctest; sourceTree = BUILT_PRODUCTS_DIR; };
		12E00ABF2ACBF6F700B8D7FB /* LandmarksUITests.swift */ = {isa = PBXFileReference; lastKnownFileType = sourcecode.swift; path = LandmarksUITests.swift; sourceTree = "<group>"; };
		12E00AC12ACBF6F700B8D7FB /* LandmarksUITestsLaunchTests.swift */ = {isa = PBXFileReference; lastKnownFileType = sourcecode.swift; path = LandmarksUITestsLaunchTests.swift; sourceTree = "<group>"; };
		12E00AD02ACC309500B8D7FB /* CircleImage.swift */ = {isa = PBXFileReference; lastKnownFileType = sourcecode.swift; path = CircleImage.swift; sourceTree = "<group>"; };
		12E00AD22ACC32DB00B8D7FB /* MapView.swift */ = {isa = PBXFileReference; lastKnownFileType = sourcecode.swift; path = MapView.swift; sourceTree = "<group>"; };
/* End PBXFileReference section */

/* Begin PBXFrameworksBuildPhase section */
		12E00A9E2ACBF6F400B8D7FB /* Frameworks */ = {
			isa = PBXFrameworksBuildPhase;
			buildActionMask = 2147483647;
			files = (
			);
			runOnlyForDeploymentPostprocessing = 0;
		};
		12E00AAE2ACBF6F700B8D7FB /* Frameworks */ = {
			isa = PBXFrameworksBuildPhase;
			buildActionMask = 2147483647;
			files = (
			);
			runOnlyForDeploymentPostprocessing = 0;
		};
		12E00AB82ACBF6F700B8D7FB /* Frameworks */ = {
			isa = PBXFrameworksBuildPhase;
			buildActionMask = 2147483647;
			files = (
			);
			runOnlyForDeploymentPostprocessing = 0;
		};
/* End PBXFrameworksBuildPhase section */

/* Begin PBXGroup section */
		12E00A982ACBF6F400B8D7FB = {
			isa = PBXGroup;
			children = (
				12E00AA32ACBF6F400B8D7FB /* Landmarks */,
				12E00AB42ACBF6F700B8D7FB /* LandmarksTests */,
				12E00ABE2ACBF6F700B8D7FB /* LandmarksUITests */,
				12E00AA22ACBF6F400B8D7FB /* Products */,
			);
			sourceTree = "<group>";
		};
		12E00AA22ACBF6F400B8D7FB /* Products */ = {
			isa = PBXGroup;
			children = (
				12E00AA12ACBF6F400B8D7FB /* Landmarks.app */,
				12E00AB12ACBF6F700B8D7FB /* LandmarksTests.xctest */,
				12E00ABB2ACBF6F700B8D7FB /* LandmarksUITests.xctest */,
			);
			name = Products;
			sourceTree = "<group>";
		};
		12E00AA32ACBF6F400B8D7FB /* Landmarks */ = {
			isa = PBXGroup;
			children = (
				12E00AA42ACBF6F400B8D7FB /* LandmarksApp.swift */,
				12E00AA62ACBF6F400B8D7FB /* ContentView.swift */,
				12E00AA82ACBF6F700B8D7FB /* Assets.xcassets */,
				12E00AD02ACC309500B8D7FB /* CircleImage.swift */,
				12E00AD22ACC32DB00B8D7FB /* MapView.swift */,
				12E00AAA2ACBF6F700B8D7FB /* Preview Content */,
			);
			path = Landmarks;
			sourceTree = "<group>";
		};
		12E00AAA2ACBF6F700B8D7FB /* Preview Content */ = {
			isa = PBXGroup;
			children = (
				12E00AAB2ACBF6F700B8D7FB /* Preview Assets.xcassets */,
			);
			path = "Preview Content";
			sourceTree = "<group>";
		};
		12E00AB42ACBF6F700B8D7FB /* LandmarksTests */ = {
			isa = PBXGroup;
			children = (
				12E00AB52ACBF6F700B8D7FB /* LandmarksTests.swift */,
			);
			path = LandmarksTests;
			sourceTree = "<group>";
		};
		12E00ABE2ACBF6F700B8D7FB /* LandmarksUITests */ = {
			isa = PBXGroup;
			children = (
				12E00ABF2ACBF6F700B8D7FB /* LandmarksUITests.swift */,
				12E00AC12ACBF6F700B8D7FB /* LandmarksUITestsLaunchTests.swift */,
			);
			path = LandmarksUITests;
			sourceTree = "<group>";
		};
/* End PBXGroup section */

/* Begin PBXNativeTarget section */
		12E00AA02ACBF6F400B8D7FB /* Landmarks */ = {
			isa = PBXNativeTarget;
			buildConfigurationList = 12E00AC52ACBF6F700B8D7FB /* Build configuration list for PBXNativeTarget "Landmarks" */;
			buildPhases = (
				12E00A9D2ACBF6F400B8D7FB /* Sources */,
				12E00A9E2ACBF6F400B8D7FB /* Frameworks */,
				12E00A9F2ACBF6F400B8D7FB /* Resources */,
			);
			buildRules = (
			);
			dependencies = (
			);
			name = Landmarks;
			productName = Landmarks;
			productReference = 12E00AA12ACBF6F400B8D7FB /* Landmarks.app */;
			productType = "com.apple.product-type.application";
		};
		12E00AB02ACBF6F700B8D7FB /* LandmarksTests */ = {
			isa = PBXNativeTarget;
			buildConfigurationList = 12E00AC82ACBF6F700B8D7FB /* Build configuration list for PBXNativeTarget "LandmarksTests" */;
			buildPhases = (
				12E00AAD2ACBF6F700B8D7FB /* Sources */,
				12E00AAE2ACBF6F700B8D7FB /* Frameworks */,
				12E00AAF2ACBF6F700B8D7FB /* Resources */,
			);
			buildRules = (
			);
			dependencies = (
				12E00AB32ACBF6F700B8D7FB /* PBXTargetDependency */,
			);
			name = LandmarksTests;
			productName = LandmarksTests;
			productReference = 12E00AB12ACBF6F700B8D7FB /* LandmarksTests.xctest */;
			productType = "com.apple.product-type.bundle.unit-test";
		};
		12E00ABA2ACBF6F700B8D7FB /* LandmarksUITests */ = {
			isa = PBXNativeTarget;
			buildConfigurationList = 12E00ACB2ACBF6F700B8D7FB /* Build configuration list for PBXNativeTarget "LandmarksUITests" */;
			buildPhases = (
				12E00AB72ACBF6F700B8D7FB /* Sources */,
				12E00AB82ACBF6F700B8D7FB /* Frameworks */,
				12E00AB92ACBF6F700B8D7FB /* Resources */,
			);
			buildRules = (
			);
			dependencies = (
				12E00ABD2ACBF6F700B8D7FB /* PBXTargetDependency */,
			);
			name = LandmarksUITests;
			productName = LandmarksUITests;
			productReference = 12E00ABB2ACBF6F700B8D7FB /* LandmarksUITests.xctest */;
			productType = "com.apple.product-type.bundle.ui-testing";
		};
/* End PBXNativeTarget section */

/* Begin PBXProject section */
		12E00A992ACBF6F400B8D7FB /* Project object */ = {
			isa = PBXProject;
			attributes = {
				BuildIndependentTargetsInParallel = 1;
				LastSwiftUpdateCheck = 1500;
				LastUpgradeCheck = 1500;
				TargetAttributes = {
					12E00AA02ACBF6F400B8D7FB = {
						CreatedOnToolsVersion = 15.0;
					};
					12E00AB02ACBF6F700B8D7FB = {
						CreatedOnToolsVersion = 15.0;
						TestTargetID = 12E00AA02ACBF6F400B8D7FB;
					};
					12E00ABA2ACBF6F700B8D7FB = {
						CreatedOnToolsVersion = 15.0;
						TestTargetID = 12E00AA02ACBF6F400B8D7FB;
					};
				};
			};
			buildConfigurationList = 12E00A9C2ACBF6F400B8D7FB /* Build configuration list for PBXProject "Landmarks" */;
			compatibilityVersion = "Xcode 14.0";
			developmentRegion = en;
			hasScannedForEncodings = 0;
			knownRegions = (
				en,
				Base,
			);
			mainGroup = 12E00A982ACBF6F400B8D7FB;
			productRefGroup = 12E00AA22ACBF6F400B8D7FB /* Products */;
			projectDirPath = "";
			projectRoot = "";
			targets = (
				12E00AA02ACBF6F400B8D7FB /* Landmarks */,
				12E00AB02ACBF6F700B8D7FB /* LandmarksTests */,
				12E00ABA2ACBF6F700B8D7FB /* LandmarksUITests */,
			);
		};
/* End PBXProject section */

/* Begin PBXResourcesBuildPhase section */
		12E00A9F2ACBF6F400B8D7FB /* Resources */ = {
			isa = PBXResourcesBuildPhase;
			buildActionMask = 2147483647;
			files = (
				12E00AAC2ACBF6F700B8D7FB /* Preview Assets.xcassets in Resources */,
				12E00AA92ACBF6F700B8D7FB /* Assets.xcassets in Resources */,
			);
			runOnlyForDeploymentPostprocessing = 0;
		};
		12E00AAF2ACBF6F700B8D7FB /* Resources */ = {
			isa = PBXResourcesBuildPhase;
			buildActionMask = 2147483647;
			files = (
			);
			runOnlyForDeploymentPostprocessing = 0;
		};
		12E00AB92ACBF6F700B8D7FB /* Resources */ = {
			isa = PBXResourcesBuildPhase;
			buildActionMask = 2147483647;
			files = (
			);
			runOnlyForDeploymentPostprocessing = 0;
		};
/* End PBXResourcesBuildPhase section */

/* Begin PBXSourcesBuildPhase section */
		12E00A9D2ACBF6F400B8D7FB /* Sources */ = {
			isa = PBXSourcesBuildPhase;
			buildActionMask = 2147483647;
			files = (
				12E00AA72ACBF6F400B8D7FB /* ContentView.swift in Sources */,
				12E00AD32ACC32DB00B8D7FB /* MapView.swift in Sources */,
				12E00AA52ACBF6F400B8D7FB /* LandmarksApp.swift in Sources */,
				12E00AD12ACC309500B8D7FB /* CircleImage.swift in Sources */,
			);
			runOnlyForDeploymentPostprocessing = 0;
		};
		12E00AAD2ACBF6F700B8D7FB /* Sources */ = {
			isa = PBXSourcesBuildPhase;
			buildActionMask = 2147483647;
			files = (
				12E00AB62ACBF6F700B8D7FB /* LandmarksTests.swift in Sources */,
			);
			runOnlyForDeploymentPostprocessing = 0;
		};
		12E00AB72ACBF6F700B8D7FB /* Sources */ = {
			isa = PBXSourcesBuildPhase;
			buildActionMask = 2147483647;
			files = (
				12E00AC22ACBF6F700B8D7FB /* LandmarksUITestsLaunchTests.swift in Sources */,
				12E00AC02ACBF6F700B8D7FB /* LandmarksUITests.swift in Sources */,
			);
			runOnlyForDeploymentPostprocessing = 0;
		};
/* End PBXSourcesBuildPhase section */

/* Begin PBXTargetDependency section */
		12E00AB32ACBF6F700B8D7FB /* PBXTargetDependency */ = {
			isa = PBXTargetDependency;
			target = 12E00AA02ACBF6F400B8D7FB /* Landmarks */;
			targetProxy = 12E00AB22ACBF6F700B8D7FB /* PBXContainerItemProxy */;
		};
		12E00ABD2ACBF6F700B8D7FB /* PBXTargetDependency */ = {
			isa = PBXTargetDependency;
			target = 12E00AA02ACBF6F400B8D7FB /* Landmarks */;
			targetProxy = 12E00ABC2ACBF6F700B8D7FB /* PBXContainerItemProxy */;
		};
/* End PBXTargetDependency section */

/* Begin XCBuildConfiguration section */
		12E00AC32ACBF6F700B8D7FB /* Debug */ = {
			isa = XCBuildConfiguration;
			buildSettings = {
				ALWAYS_SEARCH_USER_PATHS = NO;
				ASSETCATALOG_COMPILER_GENERATE_SWIFT_ASSET_SYMBOL_EXTENSIONS = YES;
				CLANG_ANALYZER_NONNULL = YES;
				CLANG_ANALYZER_NUMBER_OBJECT_CONVERSION = YES_AGGRESSIVE;
				CLANG_CXX_LANGUAGE_STANDARD = "gnu++20";
				CLANG_ENABLE_MODULES = YES;
				CLANG_ENABLE_OBJC_ARC = YES;
				CLANG_ENABLE_OBJC_WEAK = YES;
				CLANG_WARN_BLOCK_CAPTURE_AUTORELEASING = YES;
				CLANG_WARN_BOOL_CONVERSION = YES;
				CLANG_WARN_COMMA = YES;
				CLANG_WARN_CONSTANT_CONVERSION = YES;
				CLANG_WARN_DEPRECATED_OBJC_IMPLEMENTATIONS = YES;
				CLANG_WARN_DIRECT_OBJC_ISA_USAGE = YES_ERROR;
				CLANG_WARN_DOCUMENTATION_COMMENTS = YES;
				CLANG_WARN_EMPTY_BODY = YES;
				CLANG_WARN_ENUM_CONVERSION = YES;
				CLANG_WARN_INFINITE_RECURSION = YES;
				CLANG_WARN_INT_CONVERSION = YES;
				CLANG_WARN_NON_LITERAL_NULL_CONVERSION = YES;
				CLANG_WARN_OBJC_IMPLICIT_RETAIN_SELF = YES;
				CLANG_WARN_OBJC_LITERAL_CONVERSION = YES;
				CLANG_WARN_OBJC_ROOT_CLASS = YES_ERROR;
				CLANG_WARN_QUOTED_INCLUDE_IN_FRAMEWORK_HEADER = YES;
				CLANG_WARN_RANGE_LOOP_ANALYSIS = YES;
				CLANG_WARN_STRICT_PROTOTYPES = YES;
				CLANG_WARN_SUSPICIOUS_MOVE = YES;
				CLANG_WARN_UNGUARDED_AVAILABILITY = YES_AGGRESSIVE;
				CLANG_WARN_UNREACHABLE_CODE = YES;
				CLANG_WARN__DUPLICATE_METHOD_MATCH = YES;
				COPY_PHASE_STRIP = NO;
				DEBUG_INFORMATION_FORMAT = dwarf;
				ENABLE_STRICT_OBJC_MSGSEND = YES;
				ENABLE_TESTABILITY = YES;
				ENABLE_USER_SCRIPT_SANDBOXING = YES;
				GCC_C_LANGUAGE_STANDARD = gnu17;
				GCC_DYNAMIC_NO_PIC = NO;
				GCC_NO_COMMON_BLOCKS = YES;
				GCC_OPTIMIZATION_LEVEL = 0;
				GCC_PREPROCESSOR_DEFINITIONS = (
					"DEBUG=1",
					"$(inherited)",
				);
				GCC_WARN_64_TO_32_BIT_CONVERSION = YES;
				GCC_WARN_ABOUT_RETURN_TYPE = YES_ERROR;
				GCC_WARN_UNDECLARED_SELECTOR = YES;
				GCC_WARN_UNINITIALIZED_AUTOS = YES_AGGRESSIVE;
				GCC_WARN_UNUSED_FUNCTION = YES;
				GCC_WARN_UNUSED_VARIABLE = YES;
				IPHONEOS_DEPLOYMENT_TARGET = 17.0;
				LOCALIZATION_PREFERS_STRING_CATALOGS = YES;
				MTL_ENABLE_DEBUG_INFO = INCLUDE_SOURCE;
				MTL_FAST_MATH = YES;
				ONLY_ACTIVE_ARCH = YES;
				SDKROOT = iphoneos;
				SWIFT_ACTIVE_COMPILATION_CONDITIONS = "DEBUG $(inherited)";
				SWIFT_OPTIMIZATION_LEVEL = "-Onone";
			};
			name = Debug;
		};
		12E00AC42ACBF6F700B8D7FB /* Release */ = {
			isa = XCBuildConfiguration;
			buildSettings = {
				ALWAYS_SEARCH_USER_PATHS = NO;
				ASSETCATALOG_COMPILER_GENERATE_SWIFT_ASSET_SYMBOL_EXTENSIONS = YES;
				CLANG_ANALYZER_NONNULL = YES;
				CLANG_ANALYZER_NUMBER_OBJECT_CONVERSION = YES_AGGRESSIVE;
				CLANG_CXX_LANGUAGE_STANDARD = "gnu++20";
				CLANG_ENABLE_MODULES = YES;
				CLANG_ENABLE_OBJC_ARC = YES;
				CLANG_ENABLE_OBJC_WEAK = YES;
				CLANG_WARN_BLOCK_CAPTURE_AUTORELEASING = YES;
				CLANG_WARN_BOOL_CONVERSION = YES;
				CLANG_WARN_COMMA = YES;
				CLANG_WARN_CONSTANT_CONVERSION = YES;
				CLANG_WARN_DEPRECATED_OBJC_IMPLEMENTATIONS = YES;
				CLANG_WARN_DIRECT_OBJC_ISA_USAGE = YES_ERROR;
				CLANG_WARN_DOCUMENTATION_COMMENTS = YES;
				CLANG_WARN_EMPTY_BODY = YES;
				CLANG_WARN_ENUM_CONVERSION = YES;
				CLANG_WARN_INFINITE_RECURSION = YES;
				CLANG_WARN_INT_CONVERSION = YES;
				CLANG_WARN_NON_LITERAL_NULL_CONVERSION = YES;
				CLANG_WARN_OBJC_IMPLICIT_RETAIN_SELF = YES;
				CLANG_WARN_OBJC_LITERAL_CONVERSION = YES;
				CLANG_WARN_OBJC_ROOT_CLASS = YES_ERROR;
				CLANG_WARN_QUOTED_INCLUDE_IN_FRAMEWORK_HEADER = YES;
				CLANG_WARN_RANGE_LOOP_ANALYSIS = YES;
				CLANG_WARN_STRICT_PROTOTYPES = YES;
				CLANG_WARN_SUSPICIOUS_MOVE = YES;
				CLANG_WARN_UNGUARDED_AVAILABILITY = YES_AGGRESSIVE;
				CLANG_WARN_UNREACHABLE_CODE = YES;
				CLANG_WARN__DUPLICATE_METHOD_MATCH = YES;
				COPY_PHASE_STRIP = NO;
				DEBUG_INFORMATION_FORMAT = "dwarf-with-dsym";
				ENABLE_NS_ASSERTIONS = NO;
				ENABLE_STRICT_OBJC_MSGSEND = YES;
				ENABLE_USER_SCRIPT_SANDBOXING = YES;
				GCC_C_LANGUAGE_STANDARD = gnu17;
				GCC_NO_COMMON_BLOCKS = YES;
				GCC_WARN_64_TO_32_BIT_CONVERSION = YES;
				GCC_WARN_ABOUT_RETURN_TYPE = YES_ERROR;
				GCC_WARN_UNDECLARED_SELECTOR = YES;
				GCC_WARN_UNINITIALIZED_AUTOS = YES_AGGRESSIVE;
				GCC_WARN_UNUSED_FUNCTION = YES;
				GCC_WARN_UNUSED_VARIABLE = YES;
				IPHONEOS_DEPLOYMENT_TARGET = 17.0;
				LOCALIZATION_PREFERS_STRING_CATALOGS = YES;
				MTL_ENABLE_DEBUG_INFO = NO;
				MTL_FAST_MATH = YES;
				SDKROOT = iphoneos;
				SWIFT_COMPILATION_MODE = wholemodule;
				VALIDATE_PRODUCT = YES;
			};
			name = Release;
		};
		12E00AC62ACBF6F700B8D7FB /* Debug */ = {
			isa = XCBuildConfiguration;
			buildSettings = {
				ASSETCATALOG_COMPILER_APPICON_NAME = AppIcon;
				ASSETCATALOG_COMPILER_GLOBAL_ACCENT_COLOR_NAME = AccentColor;
				CODE_SIGN_STYLE = Automatic;
				CURRENT_PROJECT_VERSION = 1;
				DEVELOPMENT_ASSET_PATHS = "\"Landmarks/Preview Content\"";
				ENABLE_PREVIEWS = YES;
				GENERATE_INFOPLIST_FILE = YES;
				INFOPLIST_KEY_UIApplicationSceneManifest_Generation = YES;
				INFOPLIST_KEY_UIApplicationSupportsIndirectInputEvents = YES;
				INFOPLIST_KEY_UILaunchScreen_Generation = YES;
				INFOPLIST_KEY_UISupportedInterfaceOrientations_iPad = "UIInterfaceOrientationPortrait UIInterfaceOrientationPortraitUpsideDown UIInterfaceOrientationLandscapeLeft UIInterfaceOrientationLandscapeRight";
				INFOPLIST_KEY_UISupportedInterfaceOrientations_iPhone = "UIInterfaceOrientationPortrait UIInterfaceOrientationLandscapeLeft UIInterfaceOrientationLandscapeRight";
				LD_RUNPATH_SEARCH_PATHS = (
					"$(inherited)",
					"@executable_path/Frameworks",
				);
				MARKETING_VERSION = 1.0;
				PRODUCT_BUNDLE_IDENTIFIER = "com.example.apple-samplecode.Landmarks";
				PRODUCT_NAME = "$(TARGET_NAME)";
				SWIFT_EMIT_LOC_STRINGS = YES;
				SWIFT_VERSION = 5.0;
				TARGETED_DEVICE_FAMILY = "1,2";
			};
			name = Debug;
		};
		12E00AC72ACBF6F700B8D7FB /* Release */ = {
			isa = XCBuildConfiguration;
			buildSettings = {
				ASSETCATALOG_COMPILER_APPICON_NAME = AppIcon;
				ASSETCATALOG_COMPILER_GLOBAL_ACCENT_COLOR_NAME = AccentColor;
				CODE_SIGN_STYLE = Automatic;
				CURRENT_PROJECT_VERSION = 1;
				DEVELOPMENT_ASSET_PATHS = "\"Landmarks/Preview Content\"";
				ENABLE_PREVIEWS = YES;
				GENERATE_INFOPLIST_FILE = YES;
				INFOPLIST_KEY_UIApplicationSceneManifest_Generation = YES;
				INFOPLIST_KEY_UIApplicationSupportsIndirectInputEvents = YES;
				INFOPLIST_KEY_UILaunchScreen_Generation = YES;
				INFOPLIST_KEY_UISupportedInterfaceOrientations_iPad = "UIInterfaceOrientationPortrait UIInterfaceOrientationPortraitUpsideDown UIInterfaceOrientationLandscapeLeft UIInterfaceOrientationLandscapeRight";
				INFOPLIST_KEY_UISupportedInterfaceOrientations_iPhone = "UIInterfaceOrientationPortrait UIInterfaceOrientationLandscapeLeft UIInterfaceOrientationLandscapeRight";
				LD_RUNPATH_SEARCH_PATHS = (
					"$(inherited)",
					"@executable_path/Frameworks",
				);
				MARKETING_VERSION = 1.0;
				PRODUCT_BUNDLE_IDENTIFIER = "com.example.apple-samplecode.Landmarks";
				PRODUCT_NAME = "$(TARGET_NAME)";
				SWIFT_EMIT_LOC_STRINGS = YES;
				SWIFT_VERSION = 5.0;
				TARGETED_DEVICE_FAMILY = "1,2";
			};
			name = Release;
		};
		12E00AC92ACBF6F700B8D7FB /* Debug */ = {
			isa = XCBuildConfiguration;
			buildSettings = {
				ALWAYS_EMBED_SWIFT_STANDARD_LIBRARIES = YES;
				BUNDLE_LOADER = "$(TEST_HOST)";
				CODE_SIGN_STYLE = Automatic;
				CURRENT_PROJECT_VERSION = 1;
				GENERATE_INFOPLIST_FILE = YES;
				IPHONEOS_DEPLOYMENT_TARGET = 17.0;
				MARKETING_VERSION = 1.0;
				PRODUCT_BUNDLE_IDENTIFIER = "com.example.apple-samplecode.LandmarksTests";
				PRODUCT_NAME = "$(TARGET_NAME)";
				SWIFT_EMIT_LOC_STRINGS = NO;
				SWIFT_VERSION = 5.0;
				TARGETED_DEVICE_FAMILY = "1,2";
				TEST_HOST = "$(BUILT_PRODUCTS_DIR)/Landmarks.app/$(BUNDLE_EXECUTABLE_FOLDER_PATH)/Landmarks";
			};
			name = Debug;
		};
		12E00ACA2ACBF6F700B8D7FB /* Release */ = {
			isa = XCBuildConfiguration;
			buildSettings = {
				ALWAYS_EMBED_SWIFT_STANDARD_LIBRARIES = YES;
				BUNDLE_LOADER = "$(TEST_HOST)";
				CODE_SIGN_STYLE = Automatic;
				CURRENT_PROJECT_VERSION = 1;
				GENERATE_INFOPLIST_FILE = YES;
				IPHONEOS_DEPLOYMENT_TARGET = 17.0;
				MARKETING_VERSION = 1.0;
				PRODUCT_BUNDLE_IDENTIFIER = "com.example.apple-samplecode.LandmarksTests";
				PRODUCT_NAME = "$(TARGET_NAME)";
				SWIFT_EMIT_LOC_STRINGS = NO;
				SWIFT_VERSION = 5.0;
				TARGETED_DEVICE_FAMILY = "1,2";
				TEST_HOST = "$(BUILT_PRODUCTS_DIR)/Landmarks.app/$(BUNDLE_EXECUTABLE_FOLDER_PATH)/Landmarks";
			};
			name = Release;
		};
		12E00ACC2ACBF6F700B8D7FB /* Debug */ = {
			isa = XCBuildConfiguration;
			buildSettings = {
				ALWAYS_EMBED_SWIFT_STANDARD_LIBRARIES = YES;
				CODE_SIGN_STYLE = Automatic;
				CURRENT_PROJECT_VERSION = 1;
				GENERATE_INFOPLIST_FILE = YES;
				MARKETING_VERSION = 1.0;
				PRODUCT_BUNDLE_IDENTIFIER = "com.example.apple-samplecode.LandmarksUITests";
				PRODUCT_NAME = "$(TARGET_NAME)";
				SWIFT_EMIT_LOC_STRINGS = NO;
				SWIFT_VERSION = 5.0;
				TARGETED_DEVICE_FAMILY = "1,2";
				TEST_TARGET_NAME = Landmarks;
			};
			name = Debug;
		};
		12E00ACD2ACBF6F700B8D7FB /* Release */ = {
			isa = XCBuildConfiguration;
			buildSettings = {
				ALWAYS_EMBED_SWIFT_STANDARD_LIBRARIES = YES;
				CODE_SIGN_STYLE = Automatic;
				CURRENT_PROJECT_VERSION = 1;
				GENERATE_INFOPLIST_FILE = YES;
				MARKETING_VERSION = 1.0;
				PRODUCT_BUNDLE_IDENTIFIER = "com.example.apple-samplecode.LandmarksUITests";
				PRODUCT_NAME = "$(TARGET_NAME)";
				SWIFT_EMIT_LOC_STRINGS = NO;
				SWIFT_VERSION = 5.0;
				TARGETED_DEVICE_FAMILY = "1,2";
				TEST_TARGET_NAME = Landmarks;
			};
			name = Release;
		};
/* End XCBuildConfiguration section */

/* Begin XCConfigurationList section */
		12E00A9C2ACBF6F400B8D7FB /* Build configuration list for PBXProject "Landmarks" */ = {
			isa = XCConfigurationList;
			buildConfigurations = (
				12E00AC32ACBF6F700B8D7FB /* Debug */,
				12E00AC42ACBF6F700B8D7FB /* Release */,
			);
			defaultConfigurationIsVisible = 0;
			defaultConfigurationName = Release;
		};
		12E00AC52ACBF6F700B8D7FB /* Build configuration list for PBXNativeTarget "Landmarks" */ = {
			isa = XCConfigurationList;
			buildConfigurations = (
				12E00AC62ACBF6F700B8D7FB /* Debug */,
				12E00AC72ACBF6F700B8D7FB /* Release */,
			);
			defaultConfigurationIsVisible = 0;
			defaultConfigurationName = Release;
		};
		12E00AC82ACBF6F700B8D7FB /* Build configuration list for PBXNativeTarget "LandmarksTests" */ = {
			isa = XCConfigurationList;
			buildConfigurations = (
				12E00AC92ACBF6F700B8D7FB /* Debug */,
				12E00ACA2ACBF6F700B8D7FB /* Release */,
			);
			defaultConfigurationIsVisible = 0;
			defaultConfigurationName = Release;
		};
		12E00ACB2ACBF6F700B8D7FB /* Build configuration list for PBXNativeTarget "LandmarksUITests" */ = {
			isa = XCConfigurationList;
			buildConfigurations = (
				12E00ACC2ACBF6F700B8D7FB /* Debug */,
				12E00ACD2ACBF6F700B8D7FB /* Release */,
			);
			defaultConfigurationIsVisible = 0;
			defaultConfigurationName = Release;
		};
/* End XCConfigurationList section */
	};
	rootObject = 12E00A992ACBF6F400B8D7FB /* Project object */;
}
